
Microsoft Visual Studio Solution File, Format Version 12.00
# Visual Studio Version 16
VisualStudioVersion = 16.0.30503.244
MinimumVisualStudioVersion = 10.0.40219.1
Project("{FAE04EC0-301F-11D3-BF4B-00C04F79EFBC}") = "WebAPI", "WebAPI\WebAPI.csproj", "{AE123E81-77A8-4B9D-90F0-E0C9EBC1E552}"
EndProject
Global
	GlobalSection(SolutionConfigurationPlatforms) = preSolution
		Debug|Any CPU = Debug|Any CPU
		Release|Any CPU = Release|Any CPU
	EndGlobalSection
	GlobalSection(ProjectConfigurationPlatforms) = postSolution
		{AE123E81-77A8-4B9D-90F0-E0C9EBC1E552}.Debug|Any CPU.ActiveCfg = Debug|Any CPU
		{AE123E81-77A8-4B9D-90F0-E0C9EBC1E552}.Debug|Any CPU.Build.0 = Debug|Any CPU
		{AE123E81-77A8-4B9D-90F0-E0C9EBC1E552}.Release|Any CPU.ActiveCfg = Release|Any CPU
		{AE123E81-77A8-4B9D-90F0-E0C9EBC1E552}.Release|Any CPU.Build.0 = Release|Any CPU
	EndGlobalSection
	GlobalSection(SolutionProperties) = preSolution
		HideSolutionNode = FALSE
	EndGlobalSection
	GlobalSection(ExtensibilityGlobals) = postSolution
		SolutionGuid = {3A57FEB5-5062-42EC-8EAA-8473C5C652A4}
	EndGlobalSection
EndGlobal
